
Microsoft Visual Studio Solution File, Format Version 12.00
# Visual Studio Version 17
VisualStudioVersion = 17.9.34701.34
MinimumVisualStudioVersion = 10.0.40219.1
Project("{9A19103F-16F7-4668-BE54-9A1E7A4F7556}") = "Rentaly.Domain", "Rentaly.Domain\Rentaly.Domain.csproj", "{A374F055-AE11-4E79-A427-95B6FBF52576}"
EndProject
Project("{FAE04EC0-301F-11D3-BF4B-00C04F79EFBC}") = "Rentaly.DataAccess", "Rentaly.DataAccess\Rentaly.DataAccess.csproj", "{FA6D5515-E8E9-4DE4-B80F-FA9FFA1AF48A}"
EndProject
Project("{FAE04EC0-301F-11D3-BF4B-00C04F79EFBC}") = "Rentaly.Application", "Rentaly.Application\Rentaly.Application.csproj", "{C41A18E8-6047-430B-BF32-637BC88DDE88}"
EndProject
Project("{FAE04EC0-301F-11D3-BF4B-00C04F79EFBC}") = "Rentaly.Implementation", "Rentaly.Implementation\Rentaly.Implementation.csproj", "{E647FF40-00CE-4550-AFCF-8808CFDBD249}"
EndProject
Project("{FAE04EC0-301F-11D3-BF4B-00C04F79EFBC}") = "Rentaly.API", "Rentaly.API\Rentaly.API.csproj", "{30EB79F5-5DB9-43E6-9774-664336B9A911}"
EndProject
Global
	GlobalSection(SolutionConfigurationPlatforms) = preSolution
		Debug|Any CPU = Debug|Any CPU
		Release|Any CPU = Release|Any CPU
	EndGlobalSection
	GlobalSection(ProjectConfigurationPlatforms) = postSolution
		{A374F055-AE11-4E79-A427-95B6FBF52576}.Debug|Any CPU.ActiveCfg = Debug|Any CPU
		{A374F055-AE11-4E79-A427-95B6FBF52576}.Debug|Any CPU.Build.0 = Debug|Any CPU
		{A374F055-AE11-4E79-A427-95B6FBF52576}.Release|Any CPU.ActiveCfg = Release|Any CPU
		{A374F055-AE11-4E79-A427-95B6FBF52576}.Release|Any CPU.Build.0 = Release|Any CPU
		{FA6D5515-E8E9-4DE4-B80F-FA9FFA1AF48A}.Debug|Any CPU.ActiveCfg = Debug|Any CPU
		{FA6D5515-E8E9-4DE4-B80F-FA9FFA1AF48A}.Debug|Any CPU.Build.0 = Debug|Any CPU
		{FA6D5515-E8E9-4DE4-B80F-FA9FFA1AF48A}.Release|Any CPU.ActiveCfg = Release|Any CPU
		{FA6D5515-E8E9-4DE4-B80F-FA9FFA1AF48A}.Release|Any CPU.Build.0 = Release|Any CPU
		{C41A18E8-6047-430B-BF32-637BC88DDE88}.Debug|Any CPU.ActiveCfg = Debug|Any CPU
		{C41A18E8-6047-430B-BF32-637BC88DDE88}.Debug|Any CPU.Build.0 = Debug|Any CPU
		{C41A18E8-6047-430B-BF32-637BC88DDE88}.Release|Any CPU.ActiveCfg = Release|Any CPU
		{C41A18E8-6047-430B-BF32-637BC88DDE88}.Release|Any CPU.Build.0 = Release|Any CPU
		{E647FF40-00CE-4550-AFCF-8808CFDBD249}.Debug|Any CPU.ActiveCfg = Debug|Any CPU
		{E647FF40-00CE-4550-AFCF-8808CFDBD249}.Debug|Any CPU.Build.0 = Debug|Any CPU
		{E647FF40-00CE-4550-AFCF-8808CFDBD249}.Release|Any CPU.ActiveCfg = Release|Any CPU
		{E647FF40-00CE-4550-AFCF-8808CFDBD249}.Release|Any CPU.Build.0 = Release|Any CPU
		{30EB79F5-5DB9-43E6-9774-664336B9A911}.Debug|Any CPU.ActiveCfg = Debug|Any CPU
		{30EB79F5-5DB9-43E6-9774-664336B9A911}.Debug|Any CPU.Build.0 = Debug|Any CPU
		{30EB79F5-5DB9-43E6-9774-664336B9A911}.Release|Any CPU.ActiveCfg = Release|Any CPU
		{30EB79F5-5DB9-43E6-9774-664336B9A911}.Release|Any CPU.Build.0 = Release|Any CPU
	EndGlobalSection
	GlobalSection(SolutionProperties) = preSolution
		HideSolutionNode = FALSE
	EndGlobalSection
	GlobalSection(ExtensibilityGlobals) = postSolution
		SolutionGuid = {C8D13119-233C-4A31-A16E-114D662B1F29}
	EndGlobalSection
EndGlobal
